<?xml version="1.0" encoding="utf-8"?>
<Project ToolsVersion="4.0" xmlns="http://schemas.microsoft.com/developer/msbuild/2003">
  <ItemGroup>
    <Filter Include="Kara3d">
      <UniqueIdentifier>{9B5BEDBD-87FD-1794-70B8-2BE85CF99EE4}</UniqueIdentifier>
    </Filter>
    <Filter Include="Kara3d\Events">
      <UniqueIdentifier>{1F8B4A6F-8B4B-C6A5-5486-0F23C0050B82}</UniqueIdentifier>
    </Filter>
    <Filter Include="Platform">
      <UniqueIdentifier>{2AC788B4-1694-E3BF-3FAD-D1672BD9184E}</UniqueIdentifier>
    </Filter>
    <Filter Include="Platform\Windows">
      <UniqueIdentifier>{64FBD71A-50F4-F66C-7926-DCF1657ED678}</UniqueIdentifier>
    </Filter>
  </ItemGroup>
  <ItemGroup>
    <ClInclude Include="src\Kara3d.h" />
    <ClInclude Include="src\Kara3d\Application.h">
      <Filter>Kara3d</Filter>
    </ClInclude>
    <ClInclude Include="src\Kara3d\Core.h">
      <Filter>Kara3d</Filter>
    </ClInclude>
    <ClInclude Include="src\Kara3d\EntryPoint.h">
      <Filter>Kara3d</Filter>
    </ClInclude>
    <ClInclude Include="src\Kara3d\Events\ApplicationEvent.h">
      <Filter>Kara3d\Events</Filter>
    </ClInclude>
    <ClInclude Include="src\Kara3d\Events\Event.h">
      <Filter>Kara3d\Events</Filter>
    </ClInclude>
    <ClInclude Include="src\Kara3d\Events\KeyEvent.h">
      <Filter>Kara3d\Events</Filter>
    </ClInclude>
    <ClInclude Include="src\Kara3d\Events\MouseEvent.h">
      <Filter>Kara3d\Events</Filter>
    </ClInclude>
    <ClInclude Include="src\Kara3d\Layer.h">
      <Filter>Kara3d</Filter>
    </ClInclude>
    <ClInclude Include="src\Kara3d\LayerStack.h">
      <Filter>Kara3d</Filter>
    </ClInclude>
    <ClInclude Include="src\Kara3d\Log.h">
      <Filter>Kara3d</Filter>
    </ClInclude>
    <ClInclude Include="src\Kara3d\Window.h">
      <Filter>Kara3d</Filter>
    </ClInclude>
    <ClInclude Include="src\Platform\Windows\WindowsWindow.h">
      <Filter>Platform\Windows</Filter>
    </ClInclude>
    <ClInclude Include="src\krpch.h" />
  </ItemGroup>
  <ItemGroup>
    <ClCompile Include="src\Kara3d\Application.cpp">
      <Filter>Kara3d</Filter>
    </ClCompile>
    <ClCompile Include="src\Kara3d\Layer.cpp">
      <Filter>Kara3d</Filter>
    </ClCompile>
    <ClCompile Include="src\Kara3d\LayerStack.cpp">
      <Filter>Kara3d</Filter>
    </ClCompile>
    <ClCompile Include="src\Kara3d\Log.cpp">
      <Filter>Kara3d</Filter>
    </ClCompile>
    <ClCompile Include="src\Platform\Windows\WindowsWindow.cpp">
      <Filter>Platform\Windows</Filter>
    </ClCompile>
    <ClCompile Include="src\krpch.cpp" />
  </ItemGroup>
</Project>