<?xml version="1.0" encoding="utf-8"?>
<Project ToolsVersion="4.0" xmlns="http://schemas.microsoft.com/developer/msbuild/2003">
  <ItemGroup>
    <Filter Include="Kara3d">
      <UniqueIdentifier>{9B5BEDBD-87FD-1794-70B8-2BE85CF99EE4}</UniqueIdentifier>
    </Filter>
  </ItemGroup>
  <ItemGroup>
    <ClInclude Include="src\Kara3d.h" />
    <ClInclude Include="src\Kara3d\Application.h">
      <Filter>Kara3d</Filter>
    </ClInclude>
    <ClInclude Include="src\Kara3d\Core.h">
      <Filter>Kara3d</Filter>
    </ClInclude>
    <ClInclude Include="src\Kara3d\EntryPoint.h">
      <Filter>Kara3d</Filter>
    </ClInclude>
    <ClInclude Include="src\Kara3d\Log.h">
      <Filter>Kara3d</Filter>
    </ClInclude>
  </ItemGroup>
  <ItemGroup>
    <ClCompile Include="src\Kara3d\Application.cpp">
      <Filter>Kara3d</Filter>
    </ClCompile>
    <ClCompile Include="src\Kara3d\Log.cpp">
      <Filter>Kara3d</Filter>
    </ClCompile>
  </ItemGroup>
</Project>